// !$*UTF8*$!
{
	archiveVersion = 1;
	classes = {
	};
	objectVersion = 50;
	objects = {

/* Begin PBXBuildFile section */
		BB2055202330075300426E41 /* AppDelegate.swift in Sources */ = {isa = PBXBuildFile; fileRef = BB20551F2330075300426E41 /* AppDelegate.swift */; };
		BB2055222330075300426E41 /* MasterViewController.swift in Sources */ = {isa = PBXBuildFile; fileRef = BB2055212330075300426E41 /* MasterViewController.swift */; };
		BB2055242330075300426E41 /* DetailViewController.swift in Sources */ = {isa = PBXBuildFile; fileRef = BB2055232330075300426E41 /* DetailViewController.swift */; };
		BB2055272330075300426E41 /* Main.storyboard in Resources */ = {isa = PBXBuildFile; fileRef = BB2055252330075300426E41 /* Main.storyboard */; };
		BB2055292330075400426E41 /* Assets.xcassets in Resources */ = {isa = PBXBuildFile; fileRef = BB2055282330075400426E41 /* Assets.xcassets */; };
		BB20552C2330075400426E41 /* LaunchScreen.storyboard in Resources */ = {isa = PBXBuildFile; fileRef = BB20552A2330075400426E41 /* LaunchScreen.storyboard */; };
		BB20553523300CA800426E41 /* WebKit.framework in Frameworks */ = {isa = PBXBuildFile; fileRef = BB20553423300CA800426E41 /* WebKit.framework */; };
		BB20553B2330152400426E41 /* mall.jpg in Resources */ = {isa = PBXBuildFile; fileRef = BB2055372330152400426E41 /* mall.jpg */; };
		BB20553C2330152400426E41 /* bike.jpg in Resources */ = {isa = PBXBuildFile; fileRef = BB2055382330152400426E41 /* bike.jpg */; };
		BB20553D2330152400426E41 /* googles.jpg in Resources */ = {isa = PBXBuildFile; fileRef = BB2055392330152400426E41 /* googles.jpg */; };
		BB20553E2330152400426E41 /* rvc.jpg in Resources */ = {isa = PBXBuildFile; fileRef = BB20553A2330152400426E41 /* rvc.jpg */; };
		BB6FE5722330339500832F5C /* wow.jpg in Resources */ = {isa = PBXBuildFile; fileRef = BB6FE5712330339400832F5C /* wow.jpg */; };
		BB6FE574233038EB00832F5C /* hs.jpg in Resources */ = {isa = PBXBuildFile; fileRef = BB6FE573233038EB00832F5C /* hs.jpg */; };
		BB6FE57623303B0F00832F5C /* csgo.jpg in Resources */ = {isa = PBXBuildFile; fileRef = BB6FE57523303B0F00832F5C /* csgo.jpg */; };
		BB6FE57823303C7700832F5C /* overwatch.jpg in Resources */ = {isa = PBXBuildFile; fileRef = BB6FE57723303C7700832F5C /* overwatch.jpg */; };
		BB6FE57A23303F3100832F5C /* fifa.jpg in Resources */ = {isa = PBXBuildFile; fileRef = BB6FE57923303F3100832F5C /* fifa.jpg */; };
		BB6FE57C23303FCB00832F5C /* gtav.jpg in Resources */ = {isa = PBXBuildFile; fileRef = BB6FE57B23303FCB00832F5C /* gtav.jpg */; };
		BB6FE57E2330419900832F5C /* mario.jpg in Resources */ = {isa = PBXBuildFile; fileRef = BB6FE57D2330419900832F5C /* mario.jpg */; };
		BB6FE580233042F500832F5C /* mk.jpg in Resources */ = {isa = PBXBuildFile; fileRef = BB6FE57F233042F500832F5C /* mk.jpg */; };
		BB6FE5822330443A00832F5C /* civ.jpg in Resources */ = {isa = PBXBuildFile; fileRef = BB6FE5812330443A00832F5C /* civ.jpg */; };
		BB6FE5842330453200832F5C /* nba2k.jpg in Resources */ = {isa = PBXBuildFile; fileRef = BB6FE5832330453200832F5C /* nba2k.jpg */; };
/* End PBXBuildFile section */

/* Begin PBXFileReference section */
		BB20551C2330075300426E41 /* MyFaves.app */ = {isa = PBXFileReference; explicitFileType = wrapper.application; includeInIndex = 0; path = MyFaves.app; sourceTree = BUILT_PRODUCTS_DIR; };
		BB20551F2330075300426E41 /* AppDelegate.swift */ = {isa = PBXFileReference; lastKnownFileType = sourcecode.swift; path = AppDelegate.swift; sourceTree = "<group>"; };
		BB2055212330075300426E41 /* MasterViewController.swift */ = {isa = PBXFileReference; lastKnownFileType = sourcecode.swift; path = MasterViewController.swift; sourceTree = "<group>"; };
		BB2055232330075300426E41 /* DetailViewController.swift */ = {isa = PBXFileReference; lastKnownFileType = sourcecode.swift; path = DetailViewController.swift; sourceTree = "<group>"; };
		BB2055262330075300426E41 /* Base */ = {isa = PBXFileReference; lastKnownFileType = file.storyboard; name = Base; path = Base.lproj/Main.storyboard; sourceTree = "<group>"; };
		BB2055282330075400426E41 /* Assets.xcassets */ = {isa = PBXFileReference; lastKnownFileType = folder.assetcatalog; path = Assets.xcassets; sourceTree = "<group>"; };
		BB20552B2330075400426E41 /* Base */ = {isa = PBXFileReference; lastKnownFileType = file.storyboard; name = Base; path = Base.lproj/LaunchScreen.storyboard; sourceTree = "<group>"; };
		BB20552D2330075400426E41 /* Info.plist */ = {isa = PBXFileReference; lastKnownFileType = text.plist.xml; path = Info.plist; sourceTree = "<group>"; };
		BB20553423300CA800426E41 /* WebKit.framework */ = {isa = PBXFileReference; lastKnownFileType = wrapper.framework; name = WebKit.framework; path = System/Library/Frameworks/WebKit.framework; sourceTree = SDKROOT; };
		BB2055372330152400426E41 /* mall.jpg */ = {isa = PBXFileReference; lastKnownFileType = image.jpeg; name = mall.jpg; path = ../../images/mall.jpg; sourceTree = "<group>"; };
		BB2055382330152400426E41 /* bike.jpg */ = {isa = PBXFileReference; lastKnownFileType = image.jpeg; name = bike.jpg; path = ../../images/bike.jpg; sourceTree = "<group>"; };
		BB2055392330152400426E41 /* googles.jpg */ = {isa = PBXFileReference; lastKnownFileType = image.jpeg; name = googles.jpg; path = ../../images/googles.jpg; sourceTree = "<group>"; };
		BB20553A2330152400426E41 /* rvc.jpg */ = {isa = PBXFileReference; lastKnownFileType = image.jpeg; name = rvc.jpg; path = ../../images/rvc.jpg; sourceTree = "<group>"; };
		BB6FE5712330339400832F5C /* wow.jpg */ = {isa = PBXFileReference; lastKnownFileType = image.jpeg; path = wow.jpg; sourceTree = "<group>"; };
		BB6FE573233038EB00832F5C /* hs.jpg */ = {isa = PBXFileReference; lastKnownFileType = image.jpeg; path = hs.jpg; sourceTree = "<group>"; };
		BB6FE57523303B0F00832F5C /* csgo.jpg */ = {isa = PBXFileReference; lastKnownFileType = image.jpeg; path = csgo.jpg; sourceTree = "<group>"; };
		BB6FE57723303C7700832F5C /* overwatch.jpg */ = {isa = PBXFileReference; lastKnownFileType = image.jpeg; path = overwatch.jpg; sourceTree = "<group>"; };
		BB6FE57923303F3100832F5C /* fifa.jpg */ = {isa = PBXFileReference; lastKnownFileType = image.jpeg; path = fifa.jpg; sourceTree = "<group>"; };
		BB6FE57B23303FCB00832F5C /* gtav.jpg */ = {isa = PBXFileReference; lastKnownFileType = image.jpeg; path = gtav.jpg; sourceTree = "<group>"; };
		BB6FE57D2330419900832F5C /* mario.jpg */ = {isa = PBXFileReference; lastKnownFileType = image.jpeg; path = mario.jpg; sourceTree = "<group>"; };
		BB6FE57F233042F500832F5C /* mk.jpg */ = {isa = PBXFileReference; lastKnownFileType = image.jpeg; path = mk.jpg; sourceTree = "<group>"; };
		BB6FE5812330443A00832F5C /* civ.jpg */ = {isa = PBXFileReference; lastKnownFileType = image.jpeg; path = civ.jpg; sourceTree = "<group>"; };
		BB6FE5832330453200832F5C /* nba2k.jpg */ = {isa = PBXFileReference; lastKnownFileType = image.jpeg; path = nba2k.jpg; sourceTree = "<group>"; };
/* End PBXFileReference section */

/* Begin PBXFrameworksBuildPhase section */
		BB2055192330075300426E41 /* Frameworks */ = {
			isa = PBXFrameworksBuildPhase;
			buildActionMask = 2147483647;
			files = (
				BB20553523300CA800426E41 /* WebKit.framework in Frameworks */,
			);
			runOnlyForDeploymentPostprocessing = 0;
		};
/* End PBXFrameworksBuildPhase section */

/* Begin PBXGroup section */
		BB2055132330075300426E41 = {
			isa = PBXGroup;
			children = (
				BB205536233014EE00426E41 /* Images */,
				BB20551E2330075300426E41 /* MyFaves */,
				BB20551D2330075300426E41 /* Products */,
				BB20553323300CA700426E41 /* Frameworks */,
			);
			sourceTree = "<group>";
		};
		BB20551D2330075300426E41 /* Products */ = {
			isa = PBXGroup;
			children = (
				BB20551C2330075300426E41 /* MyFaves.app */,
			);
			name = Products;
			sourceTree = "<group>";
		};
		BB20551E2330075300426E41 /* MyFaves */ = {
			isa = PBXGroup;
			children = (
				BB20551F2330075300426E41 /* AppDelegate.swift */,
				BB2055212330075300426E41 /* MasterViewController.swift */,
				BB2055232330075300426E41 /* DetailViewController.swift */,
				BB2055252330075300426E41 /* Main.storyboard */,
				BB2055282330075400426E41 /* Assets.xcassets */,
				BB20552A2330075400426E41 /* LaunchScreen.storyboard */,
				BB20552D2330075400426E41 /* Info.plist */,
			);
			path = MyFaves;
			sourceTree = "<group>";
		};
		BB20553323300CA700426E41 /* Frameworks */ = {
			isa = PBXGroup;
			children = (
				BB20553423300CA800426E41 /* WebKit.framework */,
			);
			name = Frameworks;
			sourceTree = "<group>";
		};
		BB205536233014EE00426E41 /* Images */ = {
			isa = PBXGroup;
			children = (
				BB6FE5832330453200832F5C /* nba2k.jpg */,
				BB6FE5812330443A00832F5C /* civ.jpg */,
				BB6FE57F233042F500832F5C /* mk.jpg */,
				BB6FE57D2330419900832F5C /* mario.jpg */,
				BB6FE57B23303FCB00832F5C /* gtav.jpg */,
				BB6FE57923303F3100832F5C /* fifa.jpg */,
				BB6FE57723303C7700832F5C /* overwatch.jpg */,
				BB6FE57523303B0F00832F5C /* csgo.jpg */,
				BB6FE573233038EB00832F5C /* hs.jpg */,
				BB6FE5712330339400832F5C /* wow.jpg */,
				BB2055382330152400426E41 /* bike.jpg */,
				BB2055392330152400426E41 /* googles.jpg */,
				BB2055372330152400426E41 /* mall.jpg */,
				BB20553A2330152400426E41 /* rvc.jpg */,
			);
			path = Images;
			sourceTree = "<group>";
		};
/* End PBXGroup section */

/* Begin PBXNativeTarget section */
		BB20551B2330075300426E41 /* MyFaves */ = {
			isa = PBXNativeTarget;
			buildConfigurationList = BB2055302330075400426E41 /* Build configuration list for PBXNativeTarget "MyFaves" */;
			buildPhases = (
				BB2055182330075300426E41 /* Sources */,
				BB2055192330075300426E41 /* Frameworks */,
				BB20551A2330075300426E41 /* Resources */,
			);
			buildRules = (
			);
			dependencies = (
			);
			name = MyFaves;
			productName = MyFaves;
			productReference = BB20551C2330075300426E41 /* MyFaves.app */;
			productType = "com.apple.product-type.application";
		};
/* End PBXNativeTarget section */

/* Begin PBXProject section */
		BB2055142330075300426E41 /* Project object */ = {
			isa = PBXProject;
			attributes = {
				LastSwiftUpdateCheck = 1030;
				LastUpgradeCheck = 1030;
				ORGANIZATIONNAME = "Roberto Ocampo";
				TargetAttributes = {
					BB20551B2330075300426E41 = {
						CreatedOnToolsVersion = 10.3;
					};
				};
			};
			buildConfigurationList = BB2055172330075300426E41 /* Build configuration list for PBXProject "MyFaves" */;
			compatibilityVersion = "Xcode 9.3";
			developmentRegion = en;
			hasScannedForEncodings = 0;
			knownRegions = (
				en,
				Base,
			);
			mainGroup = BB2055132330075300426E41;
			productRefGroup = BB20551D2330075300426E41 /* Products */;
			projectDirPath = "";
			projectRoot = "";
			targets = (
				BB20551B2330075300426E41 /* MyFaves */,
			);
		};
/* End PBXProject section */

/* Begin PBXResourcesBuildPhase section */
		BB20551A2330075300426E41 /* Resources */ = {
			isa = PBXResourcesBuildPhase;
			buildActionMask = 2147483647;
			files = (
				BB20552C2330075400426E41 /* LaunchScreen.storyboard in Resources */,
				BB6FE57A23303F3100832F5C /* fifa.jpg in Resources */,
				BB6FE57623303B0F00832F5C /* csgo.jpg in Resources */,
				BB20553C2330152400426E41 /* bike.jpg in Resources */,
				BB20553B2330152400426E41 /* mall.jpg in Resources */,
				BB6FE580233042F500832F5C /* mk.jpg in Resources */,
				BB6FE57823303C7700832F5C /* overwatch.jpg in Resources */,
				BB6FE5722330339500832F5C /* wow.jpg in Resources */,
				BB6FE5822330443A00832F5C /* civ.jpg in Resources */,
				BB6FE574233038EB00832F5C /* hs.jpg in Resources */,
				BB6FE57E2330419900832F5C /* mario.jpg in Resources */,
				BB2055292330075400426E41 /* Assets.xcassets in Resources */,
				BB6FE57C23303FCB00832F5C /* gtav.jpg in Resources */,
				BB6FE5842330453200832F5C /* nba2k.jpg in Resources */,
				BB20553E2330152400426E41 /* rvc.jpg in Resources */,
				BB20553D2330152400426E41 /* googles.jpg in Resources */,
				BB2055272330075300426E41 /* Main.storyboard in Resources */,
			);
			runOnlyForDeploymentPostprocessing = 0;
		};
/* End PBXResourcesBuildPhase section */

/* Begin PBXSourcesBuildPhase section */
		BB2055182330075300426E41 /* Sources */ = {
			isa = PBXSourcesBuildPhase;
			buildActionMask = 2147483647;
			files = (
				BB2055242330075300426E41 /* DetailViewController.swift in Sources */,
				BB2055222330075300426E41 /* MasterViewController.swift in Sources */,
				BB2055202330075300426E41 /* AppDelegate.swift in Sources */,
			);
			runOnlyForDeploymentPostprocessing = 0;
		};
/* End PBXSourcesBuildPhase section */

/* Begin PBXVariantGroup section */
		BB2055252330075300426E41 /* Main.storyboard */ = {
			isa = PBXVariantGroup;
			children = (
				BB2055262330075300426E41 /* Base */,
			);
			name = Main.storyboard;
			sourceTree = "<group>";
		};
		BB20552A2330075400426E41 /* LaunchScreen.storyboard */ = {
			isa = PBXVariantGroup;
			children = (
				BB20552B2330075400426E41 /* Base */,
			);
			name = LaunchScreen.storyboard;
			sourceTree = "<group>";
		};
/* End PBXVariantGroup section */

/* Begin XCBuildConfiguration section */
		BB20552E2330075400426E41 /* Debug */ = {
			isa = XCBuildConfiguration;
			buildSettings = {
				ALWAYS_SEARCH_USER_PATHS = NO;
				CLANG_ANALYZER_NONNULL = YES;
				CLANG_ANALYZER_NUMBER_OBJECT_CONVERSION = YES_AGGRESSIVE;
				CLANG_CXX_LANGUAGE_STANDARD = "gnu++14";
				CLANG_CXX_LIBRARY = "libc++";
				CLANG_ENABLE_MODULES = YES;
				CLANG_ENABLE_OBJC_ARC = YES;
				CLANG_ENABLE_OBJC_WEAK = YES;
				CLANG_WARN_BLOCK_CAPTURE_AUTORELEASING = YES;
				CLANG_WARN_BOOL_CONVERSION = YES;
				CLANG_WARN_COMMA = YES;
				CLANG_WARN_CONSTANT_CONVERSION = YES;
				CLANG_WARN_DEPRECATED_OBJC_IMPLEMENTATIONS = YES;
				CLANG_WARN_DIRECT_OBJC_ISA_USAGE = YES_ERROR;
				CLANG_WARN_DOCUMENTATION_COMMENTS = YES;
				CLANG_WARN_EMPTY_BODY = YES;
				CLANG_WARN_ENUM_CONVERSION = YES;
				CLANG_WARN_INFINITE_RECURSION = YES;
				CLANG_WARN_INT_CONVERSION = YES;
				CLANG_WARN_NON_LITERAL_NULL_CONVERSION = YES;
				CLANG_WARN_OBJC_IMPLICIT_RETAIN_SELF = YES;
				CLANG_WARN_OBJC_LITERAL_CONVERSION = YES;
				CLANG_WARN_OBJC_ROOT_CLASS = YES_ERROR;
				CLANG_WARN_RANGE_LOOP_ANALYSIS = YES;
				CLANG_WARN_STRICT_PROTOTYPES = YES;
				CLANG_WARN_SUSPICIOUS_MOVE = YES;
				CLANG_WARN_UNGUARDED_AVAILABILITY = YES_AGGRESSIVE;
				CLANG_WARN_UNREACHABLE_CODE = YES;
				CLANG_WARN__DUPLICATE_METHOD_MATCH = YES;
				CODE_SIGN_IDENTITY = "iPhone Developer";
				COPY_PHASE_STRIP = NO;
				DEBUG_INFORMATION_FORMAT = dwarf;
				ENABLE_STRICT_OBJC_MSGSEND = YES;
				ENABLE_TESTABILITY = YES;
				GCC_C_LANGUAGE_STANDARD = gnu11;
				GCC_DYNAMIC_NO_PIC = NO;
				GCC_NO_COMMON_BLOCKS = YES;
				GCC_OPTIMIZATION_LEVEL = 0;
				GCC_PREPROCESSOR_DEFINITIONS = (
					"DEBUG=1",
					"$(inherited)",
				);
				GCC_WARN_64_TO_32_BIT_CONVERSION = YES;
				GCC_WARN_ABOUT_RETURN_TYPE = YES_ERROR;
				GCC_WARN_UNDECLARED_SELECTOR = YES;
				GCC_WARN_UNINITIALIZED_AUTOS = YES_AGGRESSIVE;
				GCC_WARN_UNUSED_FUNCTION = YES;
				GCC_WARN_UNUSED_VARIABLE = YES;
				IPHONEOS_DEPLOYMENT_TARGET = 12.4;
				MTL_ENABLE_DEBUG_INFO = INCLUDE_SOURCE;
				MTL_FAST_MATH = YES;
				ONLY_ACTIVE_ARCH = YES;
				SDKROOT = iphoneos;
				SWIFT_ACTIVE_COMPILATION_CONDITIONS = DEBUG;
				SWIFT_OPTIMIZATION_LEVEL = "-Onone";
			};
			name = Debug;
		};
		BB20552F2330075400426E41 /* Release */ = {
			isa = XCBuildConfiguration;
			buildSettings = {
				ALWAYS_SEARCH_USER_PATHS = NO;
				CLANG_ANALYZER_NONNULL = YES;
				CLANG_ANALYZER_NUMBER_OBJECT_CONVERSION = YES_AGGRESSIVE;
				CLANG_CXX_LANGUAGE_STANDARD = "gnu++14";
				CLANG_CXX_LIBRARY = "libc++";
				CLANG_ENABLE_MODULES = YES;
				CLANG_ENABLE_OBJC_ARC = YES;
				CLANG_ENABLE_OBJC_WEAK = YES;
				CLANG_WARN_BLOCK_CAPTURE_AUTORELEASING = YES;
				CLANG_WARN_BOOL_CONVERSION = YES;
				CLANG_WARN_COMMA = YES;
				CLANG_WARN_CONSTANT_CONVERSION = YES;
				CLANG_WARN_DEPRECATED_OBJC_IMPLEMENTATIONS = YES;
				CLANG_WARN_DIRECT_OBJC_ISA_USAGE = YES_ERROR;
				CLANG_WARN_DOCUMENTATION_COMMENTS = YES;
				CLANG_WARN_EMPTY_BODY = YES;
				CLANG_WARN_ENUM_CONVERSION = YES;
				CLANG_WARN_INFINITE_RECURSION = YES;
				CLANG_WARN_INT_CONVERSION = YES;
				CLANG_WARN_NON_LITERAL_NULL_CONVERSION = YES;
				CLANG_WARN_OBJC_IMPLICIT_RETAIN_SELF = YES;
				CLANG_WARN_OBJC_LITERAL_CONVERSION = YES;
				CLANG_WARN_OBJC_ROOT_CLASS = YES_ERROR;
				CLANG_WARN_RANGE_LOOP_ANALYSIS = YES;
				CLANG_WARN_STRICT_PROTOTYPES = YES;
				CLANG_WARN_SUSPICIOUS_MOVE = YES;
				CLANG_WARN_UNGUARDED_AVAILABILITY = YES_AGGRESSIVE;
				CLANG_WARN_UNREACHABLE_CODE = YES;
				CLANG_WARN__DUPLICATE_METHOD_MATCH = YES;
				CODE_SIGN_IDENTITY = "iPhone Developer";
				COPY_PHASE_STRIP = NO;
				DEBUG_INFORMATION_FORMAT = "dwarf-with-dsym";
				ENABLE_NS_ASSERTIONS = NO;
				ENABLE_STRICT_OBJC_MSGSEND = YES;
				GCC_C_LANGUAGE_STANDARD = gnu11;
				GCC_NO_COMMON_BLOCKS = YES;
				GCC_WARN_64_TO_32_BIT_CONVERSION = YES;
				GCC_WARN_ABOUT_RETURN_TYPE = YES_ERROR;
				GCC_WARN_UNDECLARED_SELECTOR = YES;
				GCC_WARN_UNINITIALIZED_AUTOS = YES_AGGRESSIVE;
				GCC_WARN_UNUSED_FUNCTION = YES;
				GCC_WARN_UNUSED_VARIABLE = YES;
				IPHONEOS_DEPLOYMENT_TARGET = 12.4;
				MTL_ENABLE_DEBUG_INFO = NO;
				MTL_FAST_MATH = YES;
				SDKROOT = iphoneos;
				SWIFT_COMPILATION_MODE = wholemodule;
				SWIFT_OPTIMIZATION_LEVEL = "-O";
				VALIDATE_PRODUCT = YES;
			};
			name = Release;
		};
		BB2055312330075400426E41 /* Debug */ = {
			isa = XCBuildConfiguration;
			buildSettings = {
				ASSETCATALOG_COMPILER_APPICON_NAME = AppIcon;
				CODE_SIGN_STYLE = Automatic;
				INFOPLIST_FILE = MyFaves/Info.plist;
				LD_RUNPATH_SEARCH_PATHS = (
					"$(inherited)",
					"@executable_path/Frameworks",
				);
				PRODUCT_BUNDLE_IDENTIFIER = edu.rockvelleycollege.MyFaves;
				PRODUCT_NAME = "$(TARGET_NAME)";
				SWIFT_VERSION = 5.0;
				TARGETED_DEVICE_FAMILY = 2;
			};
			name = Debug;
		};
		BB2055322330075400426E41 /* Release */ = {
			isa = XCBuildConfiguration;
			buildSettings = {
				ASSETCATALOG_COMPILER_APPICON_NAME = AppIcon;
				CODE_SIGN_STYLE = Automatic;
				INFOPLIST_FILE = MyFaves/Info.plist;
				LD_RUNPATH_SEARCH_PATHS = (
					"$(inherited)",
					"@executable_path/Frameworks",
				);
				PRODUCT_BUNDLE_IDENTIFIER = edu.rockvelleycollege.MyFaves;
				PRODUCT_NAME = "$(TARGET_NAME)";
				SWIFT_VERSION = 5.0;
				TARGETED_DEVICE_FAMILY = 2;
			};
			name = Release;
		};
/* End XCBuildConfiguration section */

/* Begin XCConfigurationList section */
		BB2055172330075300426E41 /* Build configuration list for PBXProject "MyFaves" */ = {
			isa = XCConfigurationList;
			buildConfigurations = (
				BB20552E2330075400426E41 /* Debug */,
				BB20552F2330075400426E41 /* Release */,
			);
			defaultConfigurationIsVisible = 0;
			defaultConfigurationName = Release;
		};
		BB2055302330075400426E41 /* Build configuration list for PBXNativeTarget "MyFaves" */ = {
			isa = XCConfigurationList;
			buildConfigurations = (
				BB2055312330075400426E41 /* Debug */,
				BB2055322330075400426E41 /* Release */,
			);
			defaultConfigurationIsVisible = 0;
			defaultConfigurationName = Release;
		};
/* End XCConfigurationList section */
	};
	rootObject = BB2055142330075300426E41 /* Project object */;
}
